
Microsoft Visual Studio Solution File, Format Version 12.00
# Visual Studio Version 16
VisualStudioVersion = 16.0.31729.503
MinimumVisualStudioVersion = 10.0.40219.1
Project("{FAE04EC0-301F-11D3-BF4B-00C04F79EFBC}") = "Haste", "Haste\Haste.csproj", "{39BE25C5-B0C1-45BF-BF04-BE459E9609AB}"
EndProject
Global
	GlobalSection(SolutionConfigurationPlatforms) = preSolution
		Debug|Any CPU = Debug|Any CPU
		Release|Any CPU = Release|Any CPU
	EndGlobalSection
	GlobalSection(ProjectConfigurationPlatforms) = postSolution
		{39BE25C5-B0C1-45BF-BF04-BE459E9609AB}.Debug|Any CPU.ActiveCfg = Debug|Any CPU
		{39BE25C5-B0C1-45BF-BF04-BE459E9609AB}.Debug|Any CPU.Build.0 = Debug|Any CPU
		{39BE25C5-B0C1-45BF-BF04-BE459E9609AB}.Release|Any CPU.ActiveCfg = Release|Any CPU
		{39BE25C5-B0C1-45BF-BF04-BE459E9609AB}.Release|Any CPU.Build.0 = Release|Any CPU
	EndGlobalSection
	GlobalSection(SolutionProperties) = preSolution
		HideSolutionNode = FALSE
	EndGlobalSection
	GlobalSection(ExtensibilityGlobals) = postSolution
		SolutionGuid = {DAC71229-B113-4234-845A-EC5EC3E063FB}
	EndGlobalSection
EndGlobal
